{
  "name": "nest-menu",
  "version": "0.0.1",
  "lockfileVersion": 1,
  "requires": true,
  "dependencies": {
    "ndtreejs": {
      "version": "1.3.1",
      "resolved": "https://registry.npmjs.org/ndtreejs/-/ndtreejs-1.3.1.tgz",
      "integrity": "sha512-04if3Ogg9SNIrlniK8Pa0OJj/juphEo60tH+wyym6rZMEgISGfDFPWmHaNMRHIBYyudePVqisiLaLWjNnvYF1g=="
    },
    "nvjson": {
      "version": "1.0.7",
      "resolved": "https://registry.npmjs.org/nvjson/-/nvjson-1.0.7.tgz",
      "integrity": "sha512-w9Ec3vaFEZ6bRGYETZXJ8qHRyoKHqKrVIdy5bV485kRVva1p+NhZnHB52z1YER56guqB5Q4uMtvl/1Kf0idh4Q==",
      "requires": {
        "ndtreejs": "^1.1.1"
      }
    }
  }
}
